
Microsoft Visual Studio Solution File, Format Version 12.00
# Visual Studio Version 16
VisualStudioVersion = 16.0.29609.76
MinimumVisualStudioVersion = 10.0.40219.1
Project("{9A19103F-16F7-4668-BE54-9A1E7A4F7556}") = "Hometask_Currency_converter", "..\Currency_converter\Hometask_Currency_converter.csproj", "{B2B14581-ED5D-4FC4-9F52-E29E7A95F9E4}"
EndProject
Project("{9A19103F-16F7-4668-BE54-9A1E7A4F7556}") = "Hometask_ariphmetic", "..\Hometask_ariphmetic\Hometask_ariphmetic.csproj", "{DBB4DB54-1FDD-437D-8AAB-2C0642D6197D}"
EndProject
Project("{9A19103F-16F7-4668-BE54-9A1E7A4F7556}") = "Hometask_divisible-by-2", "hometask_divisible-by-2\Hometask_divisible-by-2.csproj", "{77F40DF9-DCAD-47DC-A431-A26929CBC103}"
EndProject
Project("{9A19103F-16F7-4668-BE54-9A1E7A4F7556}") = "Hometask_calculator_1", "Hometask_calculator_1\Hometask_calculator_1.csproj", "{94503578-FF60-4DE4-A861-544C6B02D1FB}"
EndProject
Project("{9A19103F-16F7-4668-BE54-9A1E7A4F7556}") = "Hometask_calculator_2", "Hometask_calculator_2\Hometask_calculator_2.csproj", "{AC6EF257-3CF8-4980-AD1D-DE64B1F7E2E5}"
EndProject
Project("{9A19103F-16F7-4668-BE54-9A1E7A4F7556}") = "Hometask_parity_counter", "Hometask_parity_counter\Hometask_parity_counter.csproj", "{43DF238D-A818-4E97-BF33-24B972CE9717}"
EndProject
Project("{9A19103F-16F7-4668-BE54-9A1E7A4F7556}") = "Hometask_triangles", "Hometask_triangles\Hometask_triangles.csproj", "{E8E10DDE-C38B-4729-AE06-83B588B1799D}"
EndProject
Project("{9A19103F-16F7-4668-BE54-9A1E7A4F7556}") = "Hometask_array0", "TRASH\Hometask_array0.csproj", "{26895644-DAD7-4A74-A7A3-73EA8ECEF40F}"
EndProject
Project("{9A19103F-16F7-4668-BE54-9A1E7A4F7556}") = "Hometask_array1", "Hometask_array1\Hometask_array1.csproj", "{AA4B6B38-9136-4EEE-A970-C45155B0D395}"
EndProject
Project("{9A19103F-16F7-4668-BE54-9A1E7A4F7556}") = "Hometask_array2", "Hometask_array2\Hometask_array2.csproj", "{6EF32E56-75E1-4DEE-911F-31ABBD27FA06}"
EndProject
Project("{9A19103F-16F7-4668-BE54-9A1E7A4F7556}") = "Hometask_array3", "Hometask_array3\Hometask_array3.csproj", "{F4F6134C-C2B4-46DD-BD1F-455A00D33D44}"
EndProject
Project("{9A19103F-16F7-4668-BE54-9A1E7A4F7556}") = "RUBBISH", "RUBBISH\RUBBISH.csproj", "{9D3FE8BC-C0F8-43C0-8EB0-ACE206D84BFD}"
EndProject
Project("{9A19103F-16F7-4668-BE54-9A1E7A4F7556}") = "RUBBISH2", "PowerSupply\RUBBISH2.csproj", "{7F7678F0-495F-4AAC-81A9-506B02AA2613}"
EndProject
Global
	GlobalSection(SolutionConfigurationPlatforms) = preSolution
		Debug|Any CPU = Debug|Any CPU
		Release|Any CPU = Release|Any CPU
	EndGlobalSection
	GlobalSection(ProjectConfigurationPlatforms) = postSolution
		{B2B14581-ED5D-4FC4-9F52-E29E7A95F9E4}.Debug|Any CPU.ActiveCfg = Debug|Any CPU
		{B2B14581-ED5D-4FC4-9F52-E29E7A95F9E4}.Debug|Any CPU.Build.0 = Debug|Any CPU
		{B2B14581-ED5D-4FC4-9F52-E29E7A95F9E4}.Release|Any CPU.ActiveCfg = Release|Any CPU
		{B2B14581-ED5D-4FC4-9F52-E29E7A95F9E4}.Release|Any CPU.Build.0 = Release|Any CPU
		{DBB4DB54-1FDD-437D-8AAB-2C0642D6197D}.Debug|Any CPU.ActiveCfg = Debug|Any CPU
		{DBB4DB54-1FDD-437D-8AAB-2C0642D6197D}.Debug|Any CPU.Build.0 = Debug|Any CPU
		{DBB4DB54-1FDD-437D-8AAB-2C0642D6197D}.Release|Any CPU.ActiveCfg = Release|Any CPU
		{DBB4DB54-1FDD-437D-8AAB-2C0642D6197D}.Release|Any CPU.Build.0 = Release|Any CPU
		{77F40DF9-DCAD-47DC-A431-A26929CBC103}.Debug|Any CPU.ActiveCfg = Debug|Any CPU
		{77F40DF9-DCAD-47DC-A431-A26929CBC103}.Debug|Any CPU.Build.0 = Debug|Any CPU
		{77F40DF9-DCAD-47DC-A431-A26929CBC103}.Release|Any CPU.ActiveCfg = Release|Any CPU
		{77F40DF9-DCAD-47DC-A431-A26929CBC103}.Release|Any CPU.Build.0 = Release|Any CPU
		{94503578-FF60-4DE4-A861-544C6B02D1FB}.Debug|Any CPU.ActiveCfg = Debug|Any CPU
		{94503578-FF60-4DE4-A861-544C6B02D1FB}.Debug|Any CPU.Build.0 = Debug|Any CPU
		{94503578-FF60-4DE4-A861-544C6B02D1FB}.Release|Any CPU.ActiveCfg = Release|Any CPU
		{94503578-FF60-4DE4-A861-544C6B02D1FB}.Release|Any CPU.Build.0 = Release|Any CPU
		{AC6EF257-3CF8-4980-AD1D-DE64B1F7E2E5}.Debug|Any CPU.ActiveCfg = Debug|Any CPU
		{AC6EF257-3CF8-4980-AD1D-DE64B1F7E2E5}.Debug|Any CPU.Build.0 = Debug|Any CPU
		{AC6EF257-3CF8-4980-AD1D-DE64B1F7E2E5}.Release|Any CPU.ActiveCfg = Release|Any CPU
		{AC6EF257-3CF8-4980-AD1D-DE64B1F7E2E5}.Release|Any CPU.Build.0 = Release|Any CPU
		{43DF238D-A818-4E97-BF33-24B972CE9717}.Debug|Any CPU.ActiveCfg = Debug|Any CPU
		{43DF238D-A818-4E97-BF33-24B972CE9717}.Debug|Any CPU.Build.0 = Debug|Any CPU
		{43DF238D-A818-4E97-BF33-24B972CE9717}.Release|Any CPU.ActiveCfg = Release|Any CPU
		{43DF238D-A818-4E97-BF33-24B972CE9717}.Release|Any CPU.Build.0 = Release|Any CPU
		{E8E10DDE-C38B-4729-AE06-83B588B1799D}.Debug|Any CPU.ActiveCfg = Debug|Any CPU
		{E8E10DDE-C38B-4729-AE06-83B588B1799D}.Debug|Any CPU.Build.0 = Debug|Any CPU
		{E8E10DDE-C38B-4729-AE06-83B588B1799D}.Release|Any CPU.ActiveCfg = Release|Any CPU
		{E8E10DDE-C38B-4729-AE06-83B588B1799D}.Release|Any CPU.Build.0 = Release|Any CPU
		{26895644-DAD7-4A74-A7A3-73EA8ECEF40F}.Debug|Any CPU.ActiveCfg = Debug|Any CPU
		{26895644-DAD7-4A74-A7A3-73EA8ECEF40F}.Debug|Any CPU.Build.0 = Debug|Any CPU
		{26895644-DAD7-4A74-A7A3-73EA8ECEF40F}.Release|Any CPU.ActiveCfg = Release|Any CPU
		{26895644-DAD7-4A74-A7A3-73EA8ECEF40F}.Release|Any CPU.Build.0 = Release|Any CPU
		{AA4B6B38-9136-4EEE-A970-C45155B0D395}.Debug|Any CPU.ActiveCfg = Debug|Any CPU
		{AA4B6B38-9136-4EEE-A970-C45155B0D395}.Debug|Any CPU.Build.0 = Debug|Any CPU
		{AA4B6B38-9136-4EEE-A970-C45155B0D395}.Release|Any CPU.ActiveCfg = Release|Any CPU
		{AA4B6B38-9136-4EEE-A970-C45155B0D395}.Release|Any CPU.Build.0 = Release|Any CPU
		{6EF32E56-75E1-4DEE-911F-31ABBD27FA06}.Debug|Any CPU.ActiveCfg = Debug|Any CPU
		{6EF32E56-75E1-4DEE-911F-31ABBD27FA06}.Debug|Any CPU.Build.0 = Debug|Any CPU
		{6EF32E56-75E1-4DEE-911F-31ABBD27FA06}.Release|Any CPU.ActiveCfg = Release|Any CPU
		{6EF32E56-75E1-4DEE-911F-31ABBD27FA06}.Release|Any CPU.Build.0 = Release|Any CPU
		{F4F6134C-C2B4-46DD-BD1F-455A00D33D44}.Debug|Any CPU.ActiveCfg = Debug|Any CPU
		{F4F6134C-C2B4-46DD-BD1F-455A00D33D44}.Debug|Any CPU.Build.0 = Debug|Any CPU
		{F4F6134C-C2B4-46DD-BD1F-455A00D33D44}.Release|Any CPU.ActiveCfg = Release|Any CPU
		{F4F6134C-C2B4-46DD-BD1F-455A00D33D44}.Release|Any CPU.Build.0 = Release|Any CPU
		{9D3FE8BC-C0F8-43C0-8EB0-ACE206D84BFD}.Debug|Any CPU.ActiveCfg = Debug|Any CPU
		{9D3FE8BC-C0F8-43C0-8EB0-ACE206D84BFD}.Debug|Any CPU.Build.0 = Debug|Any CPU
		{9D3FE8BC-C0F8-43C0-8EB0-ACE206D84BFD}.Release|Any CPU.ActiveCfg = Release|Any CPU
		{9D3FE8BC-C0F8-43C0-8EB0-ACE206D84BFD}.Release|Any CPU.Build.0 = Release|Any CPU
		{7F7678F0-495F-4AAC-81A9-506B02AA2613}.Debug|Any CPU.ActiveCfg = Debug|Any CPU
		{7F7678F0-495F-4AAC-81A9-506B02AA2613}.Debug|Any CPU.Build.0 = Debug|Any CPU
		{7F7678F0-495F-4AAC-81A9-506B02AA2613}.Release|Any CPU.ActiveCfg = Release|Any CPU
		{7F7678F0-495F-4AAC-81A9-506B02AA2613}.Release|Any CPU.Build.0 = Release|Any CPU
	EndGlobalSection
	GlobalSection(SolutionProperties) = preSolution
		HideSolutionNode = FALSE
	EndGlobalSection
	GlobalSection(ExtensibilityGlobals) = postSolution
		SolutionGuid = {98A7C56B-2A58-4B0C-92FC-2D67D2A06E89}
	EndGlobalSection
EndGlobal
