
Microsoft Visual Studio Solution File, Format Version 12.00
# Visual Studio Version 16
VisualStudioVersion = 16.0.29102.190
MinimumVisualStudioVersion = 10.0.40219.1
Project("{FAE04EC0-301F-11D3-BF4B-00C04F79EFBC}") = "Test1", "Test1.csproj", "{64A1667E-D3FD-4366-9AF3-B9E7F1FF4AAD}"
EndProject
Global
	GlobalSection(SolutionConfigurationPlatforms) = preSolution
		Debug|Any CPU = Debug|Any CPU
		Release|Any CPU = Release|Any CPU
	EndGlobalSection
	GlobalSection(ProjectConfigurationPlatforms) = postSolution
		{64A1667E-D3FD-4366-9AF3-B9E7F1FF4AAD}.Debug|Any CPU.ActiveCfg = Debug|Any CPU
		{64A1667E-D3FD-4366-9AF3-B9E7F1FF4AAD}.Debug|Any CPU.Build.0 = Debug|Any CPU
		{64A1667E-D3FD-4366-9AF3-B9E7F1FF4AAD}.Release|Any CPU.ActiveCfg = Release|Any CPU
		{64A1667E-D3FD-4366-9AF3-B9E7F1FF4AAD}.Release|Any CPU.Build.0 = Release|Any CPU
	EndGlobalSection
	GlobalSection(SolutionProperties) = preSolution
		HideSolutionNode = FALSE
	EndGlobalSection
	GlobalSection(ExtensibilityGlobals) = postSolution
		SolutionGuid = {5ECCDC03-A6AD-41EF-BDAA-00D9E7FFFD19}
	EndGlobalSection
EndGlobal
